// !$*UTF8*$!
{
	archiveVersion = 1;
	classes = {
	};
	objectVersion = 46;
	objects = {

/* Begin PBXBuildFile section */
		128A16811CE590B200C86BAE /* AppDelegate.swift in Sources */ = {isa = PBXBuildFile; fileRef = 128A16801CE590B200C86BAE /* AppDelegate.swift */; };
		128A16831CE590B200C86BAE /* GameScene.sks in Resources */ = {isa = PBXBuildFile; fileRef = 128A16821CE590B200C86BAE /* GameScene.sks */; };
		128A16851CE590B200C86BAE /* GameScene.swift in Sources */ = {isa = PBXBuildFile; fileRef = 128A16841CE590B200C86BAE /* GameScene.swift */; };
		128A16871CE590B200C86BAE /* GameViewController.swift in Sources */ = {isa = PBXBuildFile; fileRef = 128A16861CE590B200C86BAE /* GameViewController.swift */; };
		128A168A1CE590B200C86BAE /* Main.storyboard in Resources */ = {isa = PBXBuildFile; fileRef = 128A16881CE590B200C86BAE /* Main.storyboard */; };
		128A168C1CE590B200C86BAE /* Assets.xcassets in Resources */ = {isa = PBXBuildFile; fileRef = 128A168B1CE590B200C86BAE /* Assets.xcassets */; };
		128A168F1CE590B200C86BAE /* LaunchScreen.storyboard in Resources */ = {isa = PBXBuildFile; fileRef = 128A168D1CE590B200C86BAE /* LaunchScreen.storyboard */; };
		128A169A1CE590B200C86BAE /* winterfellTests.swift in Sources */ = {isa = PBXBuildFile; fileRef = 128A16991CE590B200C86BAE /* winterfellTests.swift */; };
		128A16A51CE590B200C86BAE /* winterfellUITests.swift in Sources */ = {isa = PBXBuildFile; fileRef = 128A16A41CE590B200C86BAE /* winterfellUITests.swift */; };
		128A16B31CE5928C00C86BAE /* winterfellGameSceneUITests.swift in Sources */ = {isa = PBXBuildFile; fileRef = 128A16B21CE5928C00C86BAE /* winterfellGameSceneUITests.swift */; };
		128A16B71CE61B5800C86BAE /* first-scene.tmx in Resources */ = {isa = PBXBuildFile; fileRef = 128A16B61CE61B5800C86BAE /* first-scene.tmx */; };
		128A16B91CE61B7900C86BAE /* tmw_desert_spacing.png in Resources */ = {isa = PBXBuildFile; fileRef = 128A16B81CE61B7900C86BAE /* tmw_desert_spacing.png */; };
		128A16BD1CE61DF900C86BAE /* libz.tbd in Frameworks */ = {isa = PBXBuildFile; fileRef = 128A16BC1CE61DF900C86BAE /* libz.tbd */; };
		128A16C11CE61F1D00C86BAE /* LFCGzipUtility.m in Sources */ = {isa = PBXBuildFile; fileRef = 128A16C01CE61F1D00C86BAE /* LFCGzipUtility.m */; };
		128A16C31CE61F5D00C86BAE /* JSTileMap.m in Sources */ = {isa = PBXBuildFile; fileRef = 128A16C21CE61F5D00C86BAE /* JSTileMap.m */; };
/* End PBXBuildFile section */

/* Begin PBXContainerItemProxy section */
		128A16961CE590B200C86BAE /* PBXContainerItemProxy */ = {
			isa = PBXContainerItemProxy;
			containerPortal = 128A16751CE590B200C86BAE /* Project object */;
			proxyType = 1;
			remoteGlobalIDString = 128A167C1CE590B200C86BAE;
			remoteInfo = winterfell;
		};
		128A16A11CE590B200C86BAE /* PBXContainerItemProxy */ = {
			isa = PBXContainerItemProxy;
			containerPortal = 128A16751CE590B200C86BAE /* Project object */;
			proxyType = 1;
			remoteGlobalIDString = 128A167C1CE590B200C86BAE;
			remoteInfo = winterfell;
		};
/* End PBXContainerItemProxy section */

/* Begin PBXFileReference section */
		128A167D1CE590B200C86BAE /* winterfell.app */ = {isa = PBXFileReference; explicitFileType = wrapper.application; includeInIndex = 0; path = winterfell.app; sourceTree = BUILT_PRODUCTS_DIR; };
		128A16801CE590B200C86BAE /* AppDelegate.swift */ = {isa = PBXFileReference; lastKnownFileType = sourcecode.swift; path = AppDelegate.swift; sourceTree = "<group>"; };
		128A16821CE590B200C86BAE /* GameScene.sks */ = {isa = PBXFileReference; lastKnownFileType = file.sks; path = GameScene.sks; sourceTree = "<group>"; };
		128A16841CE590B200C86BAE /* GameScene.swift */ = {isa = PBXFileReference; lastKnownFileType = sourcecode.swift; path = GameScene.swift; sourceTree = "<group>"; };
		128A16861CE590B200C86BAE /* GameViewController.swift */ = {isa = PBXFileReference; lastKnownFileType = sourcecode.swift; path = GameViewController.swift; sourceTree = "<group>"; };
		128A16891CE590B200C86BAE /* Base */ = {isa = PBXFileReference; lastKnownFileType = file.storyboard; name = Base; path = Base.lproj/Main.storyboard; sourceTree = "<group>"; };
		128A168B1CE590B200C86BAE /* Assets.xcassets */ = {isa = PBXFileReference; lastKnownFileType = folder.assetcatalog; path = Assets.xcassets; sourceTree = "<group>"; };
		128A168E1CE590B200C86BAE /* Base */ = {isa = PBXFileReference; lastKnownFileType = file.storyboard; name = Base; path = Base.lproj/LaunchScreen.storyboard; sourceTree = "<group>"; };
		128A16901CE590B200C86BAE /* Info.plist */ = {isa = PBXFileReference; lastKnownFileType = text.plist.xml; path = Info.plist; sourceTree = "<group>"; };
		128A16951CE590B200C86BAE /* winterfellTests.xctest */ = {isa = PBXFileReference; explicitFileType = wrapper.cfbundle; includeInIndex = 0; path = winterfellTests.xctest; sourceTree = BUILT_PRODUCTS_DIR; };
		128A16991CE590B200C86BAE /* winterfellTests.swift */ = {isa = PBXFileReference; lastKnownFileType = sourcecode.swift; path = winterfellTests.swift; sourceTree = "<group>"; };
		128A169B1CE590B200C86BAE /* Info.plist */ = {isa = PBXFileReference; lastKnownFileType = text.plist.xml; path = Info.plist; sourceTree = "<group>"; };
		128A16A01CE590B200C86BAE /* winterfellUITests.xctest */ = {isa = PBXFileReference; explicitFileType = wrapper.cfbundle; includeInIndex = 0; path = winterfellUITests.xctest; sourceTree = BUILT_PRODUCTS_DIR; };
		128A16A41CE590B200C86BAE /* winterfellUITests.swift */ = {isa = PBXFileReference; lastKnownFileType = sourcecode.swift; path = winterfellUITests.swift; sourceTree = "<group>"; };
		128A16A61CE590B200C86BAE /* Info.plist */ = {isa = PBXFileReference; lastKnownFileType = text.plist.xml; path = Info.plist; sourceTree = "<group>"; };
		128A16B21CE5928C00C86BAE /* winterfellGameSceneUITests.swift */ = {isa = PBXFileReference; fileEncoding = 4; lastKnownFileType = sourcecode.swift; path = winterfellGameSceneUITests.swift; sourceTree = "<group>"; };
		128A16B61CE61B5800C86BAE /* first-scene.tmx */ = {isa = PBXFileReference; fileEncoding = 4; lastKnownFileType = text.xml; path = "first-scene.tmx"; sourceTree = "<group>"; };
		128A16B81CE61B7900C86BAE /* tmw_desert_spacing.png */ = {isa = PBXFileReference; lastKnownFileType = image.png; path = tmw_desert_spacing.png; sourceTree = "<group>"; };
		128A16BA1CE61D8400C86BAE /* libz.1.dylib */ = {isa = PBXFileReference; lastKnownFileType = "compiled.mach-o.dylib"; name = libz.1.dylib; path = ../../../../../usr/lib/libz.1.dylib; sourceTree = "<group>"; };
		128A16BC1CE61DF900C86BAE /* libz.tbd */ = {isa = PBXFileReference; lastKnownFileType = "sourcecode.text-based-dylib-definition"; name = libz.tbd; path = usr/lib/libz.tbd; sourceTree = SDKROOT; };
		128A16BE1CE61EB200C86BAE /* LFCGzipUtility.h */ = {isa = PBXFileReference; lastKnownFileType = sourcecode.c.h; path = LFCGzipUtility.h; sourceTree = "<group>"; };
		128A16BF1CE61F1C00C86BAE /* winterfell-Bridging-Header.h */ = {isa = PBXFileReference; lastKnownFileType = sourcecode.c.h; path = "winterfell-Bridging-Header.h"; sourceTree = "<group>"; };
		128A16C01CE61F1D00C86BAE /* LFCGzipUtility.m */ = {isa = PBXFileReference; fileEncoding = 4; lastKnownFileType = sourcecode.c.objc; path = LFCGzipUtility.m; sourceTree = "<group>"; };
		128A16C21CE61F5D00C86BAE /* JSTileMap.m */ = {isa = PBXFileReference; fileEncoding = 4; lastKnownFileType = sourcecode.c.objc; path = JSTileMap.m; sourceTree = "<group>"; };
		128A16C41CE61F7F00C86BAE /* JSTileMap.h */ = {isa = PBXFileReference; lastKnownFileType = sourcecode.c.h; path = JSTileMap.h; sourceTree = "<group>"; };
/* End PBXFileReference section */

/* Begin PBXFrameworksBuildPhase section */
		128A167A1CE590B200C86BAE /* Frameworks */ = {
			isa = PBXFrameworksBuildPhase;
			buildActionMask = 2147483647;
			files = (
				128A16BD1CE61DF900C86BAE /* libz.tbd in Frameworks */,
			);
			runOnlyForDeploymentPostprocessing = 0;
		};
		128A16921CE590B200C86BAE /* Frameworks */ = {
			isa = PBXFrameworksBuildPhase;
			buildActionMask = 2147483647;
			files = (
			);
			runOnlyForDeploymentPostprocessing = 0;
		};
		128A169D1CE590B200C86BAE /* Frameworks */ = {
			isa = PBXFrameworksBuildPhase;
			buildActionMask = 2147483647;
			files = (
			);
			runOnlyForDeploymentPostprocessing = 0;
		};
/* End PBXFrameworksBuildPhase section */

/* Begin PBXGroup section */
		128A16741CE590B200C86BAE = {
			isa = PBXGroup;
			children = (
				128A16BC1CE61DF900C86BAE /* libz.tbd */,
				128A16BA1CE61D8400C86BAE /* libz.1.dylib */,
				128A167F1CE590B200C86BAE /* winterfell */,
				128A16981CE590B200C86BAE /* winterfellTests */,
				128A16A31CE590B200C86BAE /* winterfellUITests */,
				128A167E1CE590B200C86BAE /* Products */,
			);
			sourceTree = "<group>";
		};
		128A167E1CE590B200C86BAE /* Products */ = {
			isa = PBXGroup;
			children = (
				128A167D1CE590B200C86BAE /* winterfell.app */,
				128A16951CE590B200C86BAE /* winterfellTests.xctest */,
				128A16A01CE590B200C86BAE /* winterfellUITests.xctest */,
			);
			name = Products;
			sourceTree = "<group>";
		};
		128A167F1CE590B200C86BAE /* winterfell */ = {
			isa = PBXGroup;
			children = (
				128A16801CE590B200C86BAE /* AppDelegate.swift */,
				128A16821CE590B200C86BAE /* GameScene.sks */,
				128A16841CE590B200C86BAE /* GameScene.swift */,
				128A16861CE590B200C86BAE /* GameViewController.swift */,
				128A16881CE590B200C86BAE /* Main.storyboard */,
				128A168B1CE590B200C86BAE /* Assets.xcassets */,
				128A16B51CE61B3800C86BAE /* Assets */,
				128A168D1CE590B200C86BAE /* LaunchScreen.storyboard */,
				128A16901CE590B200C86BAE /* Info.plist */,
				128A16BE1CE61EB200C86BAE /* LFCGzipUtility.h */,
				128A16C01CE61F1D00C86BAE /* LFCGzipUtility.m */,
				128A16C41CE61F7F00C86BAE /* JSTileMap.h */,
				128A16C21CE61F5D00C86BAE /* JSTileMap.m */,
				128A16BF1CE61F1C00C86BAE /* winterfell-Bridging-Header.h */,
			);
			path = winterfell;
			sourceTree = "<group>";
		};
		128A16981CE590B200C86BAE /* winterfellTests */ = {
			isa = PBXGroup;
			children = (
				128A16991CE590B200C86BAE /* winterfellTests.swift */,
				128A169B1CE590B200C86BAE /* Info.plist */,
			);
			path = winterfellTests;
			sourceTree = "<group>";
		};
		128A16A31CE590B200C86BAE /* winterfellUITests */ = {
			isa = PBXGroup;
			children = (
				128A16A41CE590B200C86BAE /* winterfellUITests.swift */,
				128A16A61CE590B200C86BAE /* Info.plist */,
				128A16B21CE5928C00C86BAE /* winterfellGameSceneUITests.swift */,
			);
			path = winterfellUITests;
			sourceTree = "<group>";
		};
		128A16B51CE61B3800C86BAE /* Assets */ = {
			isa = PBXGroup;
			children = (
				128A16B81CE61B7900C86BAE /* tmw_desert_spacing.png */,
				128A16B61CE61B5800C86BAE /* first-scene.tmx */,
			);
			name = Assets;
			sourceTree = "<group>";
		};
/* End PBXGroup section */

/* Begin PBXNativeTarget section */
		128A167C1CE590B200C86BAE /* winterfell */ = {
			isa = PBXNativeTarget;
			buildConfigurationList = 128A16A91CE590B200C86BAE /* Build configuration list for PBXNativeTarget "winterfell" */;
			buildPhases = (
				128A16791CE590B200C86BAE /* Sources */,
				128A167A1CE590B200C86BAE /* Frameworks */,
				128A167B1CE590B200C86BAE /* Resources */,
			);
			buildRules = (
			);
			dependencies = (
			);
			name = winterfell;
			productName = winterfell;
			productReference = 128A167D1CE590B200C86BAE /* winterfell.app */;
			productType = "com.apple.product-type.application";
		};
		128A16941CE590B200C86BAE /* winterfellTests */ = {
			isa = PBXNativeTarget;
			buildConfigurationList = 128A16AC1CE590B200C86BAE /* Build configuration list for PBXNativeTarget "winterfellTests" */;
			buildPhases = (
				128A16911CE590B200C86BAE /* Sources */,
				128A16921CE590B200C86BAE /* Frameworks */,
				128A16931CE590B200C86BAE /* Resources */,
			);
			buildRules = (
			);
			dependencies = (
				128A16971CE590B200C86BAE /* PBXTargetDependency */,
			);
			name = winterfellTests;
			productName = winterfellTests;
			productReference = 128A16951CE590B200C86BAE /* winterfellTests.xctest */;
			productType = "com.apple.product-type.bundle.unit-test";
		};
		128A169F1CE590B200C86BAE /* winterfellUITests */ = {
			isa = PBXNativeTarget;
			buildConfigurationList = 128A16AF1CE590B200C86BAE /* Build configuration list for PBXNativeTarget "winterfellUITests" */;
			buildPhases = (
				128A169C1CE590B200C86BAE /* Sources */,
				128A169D1CE590B200C86BAE /* Frameworks */,
				128A169E1CE590B200C86BAE /* Resources */,
			);
			buildRules = (
			);
			dependencies = (
				128A16A21CE590B200C86BAE /* PBXTargetDependency */,
			);
			name = winterfellUITests;
			productName = winterfellUITests;
			productReference = 128A16A01CE590B200C86BAE /* winterfellUITests.xctest */;
			productType = "com.apple.product-type.bundle.ui-testing";
		};
/* End PBXNativeTarget section */

/* Begin PBXProject section */
		128A16751CE590B200C86BAE /* Project object */ = {
			isa = PBXProject;
			attributes = {
				LastSwiftUpdateCheck = 0720;
				LastUpgradeCheck = 0720;
				ORGANIZATIONNAME = com.soasme;
				TargetAttributes = {
					128A167C1CE590B200C86BAE = {
						CreatedOnToolsVersion = 7.2.1;
					};
					128A16941CE590B200C86BAE = {
						CreatedOnToolsVersion = 7.2.1;
						TestTargetID = 128A167C1CE590B200C86BAE;
					};
					128A169F1CE590B200C86BAE = {
						CreatedOnToolsVersion = 7.2.1;
						TestTargetID = 128A167C1CE590B200C86BAE;
					};
				};
			};
			buildConfigurationList = 128A16781CE590B200C86BAE /* Build configuration list for PBXProject "winterfell" */;
			compatibilityVersion = "Xcode 3.2";
			developmentRegion = English;
			hasScannedForEncodings = 0;
			knownRegions = (
				en,
				Base,
			);
			mainGroup = 128A16741CE590B200C86BAE;
			productRefGroup = 128A167E1CE590B200C86BAE /* Products */;
			projectDirPath = "";
			projectRoot = "";
			targets = (
				128A167C1CE590B200C86BAE /* winterfell */,
				128A16941CE590B200C86BAE /* winterfellTests */,
				128A169F1CE590B200C86BAE /* winterfellUITests */,
			);
		};
/* End PBXProject section */

/* Begin PBXResourcesBuildPhase section */
		128A167B1CE590B200C86BAE /* Resources */ = {
			isa = PBXResourcesBuildPhase;
			buildActionMask = 2147483647;
			files = (
				128A16831CE590B200C86BAE /* GameScene.sks in Resources */,
				128A16B71CE61B5800C86BAE /* first-scene.tmx in Resources */,
				128A168F1CE590B200C86BAE /* LaunchScreen.storyboard in Resources */,
				128A16B91CE61B7900C86BAE /* tmw_desert_spacing.png in Resources */,
				128A168C1CE590B200C86BAE /* Assets.xcassets in Resources */,
				128A168A1CE590B200C86BAE /* Main.storyboard in Resources */,
			);
			runOnlyForDeploymentPostprocessing = 0;
		};
		128A16931CE590B200C86BAE /* Resources */ = {
			isa = PBXResourcesBuildPhase;
			buildActionMask = 2147483647;
			files = (
			);
			runOnlyForDeploymentPostprocessing = 0;
		};
		128A169E1CE590B200C86BAE /* Resources */ = {
			isa = PBXResourcesBuildPhase;
			buildActionMask = 2147483647;
			files = (
			);
			runOnlyForDeploymentPostprocessing = 0;
		};
/* End PBXResourcesBuildPhase section */

/* Begin PBXSourcesBuildPhase section */
		128A16791CE590B200C86BAE /* Sources */ = {
			isa = PBXSourcesBuildPhase;
			buildActionMask = 2147483647;
			files = (
				128A16851CE590B200C86BAE /* GameScene.swift in Sources */,
				128A16C31CE61F5D00C86BAE /* JSTileMap.m in Sources */,
				128A16871CE590B200C86BAE /* GameViewController.swift in Sources */,
				128A16C11CE61F1D00C86BAE /* LFCGzipUtility.m in Sources */,
				128A16811CE590B200C86BAE /* AppDelegate.swift in Sources */,
			);
			runOnlyForDeploymentPostprocessing = 0;
		};
		128A16911CE590B200C86BAE /* Sources */ = {
			isa = PBXSourcesBuildPhase;
			buildActionMask = 2147483647;
			files = (
				128A169A1CE590B200C86BAE /* winterfellTests.swift in Sources */,
			);
			runOnlyForDeploymentPostprocessing = 0;
		};
		128A169C1CE590B200C86BAE /* Sources */ = {
			isa = PBXSourcesBuildPhase;
			buildActionMask = 2147483647;
			files = (
				128A16B31CE5928C00C86BAE /* winterfellGameSceneUITests.swift in Sources */,
				128A16A51CE590B200C86BAE /* winterfellUITests.swift in Sources */,
			);
			runOnlyForDeploymentPostprocessing = 0;
		};
/* End PBXSourcesBuildPhase section */

/* Begin PBXTargetDependency section */
		128A16971CE590B200C86BAE /* PBXTargetDependency */ = {
			isa = PBXTargetDependency;
			target = 128A167C1CE590B200C86BAE /* winterfell */;
			targetProxy = 128A16961CE590B200C86BAE /* PBXContainerItemProxy */;
		};
		128A16A21CE590B200C86BAE /* PBXTargetDependency */ = {
			isa = PBXTargetDependency;
			target = 128A167C1CE590B200C86BAE /* winterfell */;
			targetProxy = 128A16A11CE590B200C86BAE /* PBXContainerItemProxy */;
		};
/* End PBXTargetDependency section */

/* Begin PBXVariantGroup section */
		128A16881CE590B200C86BAE /* Main.storyboard */ = {
			isa = PBXVariantGroup;
			children = (
				128A16891CE590B200C86BAE /* Base */,
			);
			name = Main.storyboard;
			sourceTree = "<group>";
		};
		128A168D1CE590B200C86BAE /* LaunchScreen.storyboard */ = {
			isa = PBXVariantGroup;
			children = (
				128A168E1CE590B200C86BAE /* Base */,
			);
			name = LaunchScreen.storyboard;
			sourceTree = "<group>";
		};
/* End PBXVariantGroup section */

/* Begin XCBuildConfiguration section */
		128A16A71CE590B200C86BAE /* Debug */ = {
			isa = XCBuildConfiguration;
			buildSettings = {
				ALWAYS_SEARCH_USER_PATHS = NO;
				CLANG_CXX_LANGUAGE_STANDARD = "gnu++0x";
				CLANG_CXX_LIBRARY = "libc++";
				CLANG_ENABLE_MODULES = YES;
				CLANG_ENABLE_OBJC_ARC = YES;
				CLANG_WARN_BOOL_CONVERSION = YES;
				CLANG_WARN_CONSTANT_CONVERSION = YES;
				CLANG_WARN_DIRECT_OBJC_ISA_USAGE = YES_ERROR;
				CLANG_WARN_EMPTY_BODY = YES;
				CLANG_WARN_ENUM_CONVERSION = YES;
				CLANG_WARN_INT_CONVERSION = YES;
				CLANG_WARN_OBJC_ROOT_CLASS = YES_ERROR;
				CLANG_WARN_UNREACHABLE_CODE = YES;
				CLANG_WARN__DUPLICATE_METHOD_MATCH = YES;
				"CODE_SIGN_IDENTITY[sdk=iphoneos*]" = "iPhone Developer";
				COPY_PHASE_STRIP = NO;
				DEBUG_INFORMATION_FORMAT = "dwarf-with-dsym";
				ENABLE_STRICT_OBJC_MSGSEND = YES;
				ENABLE_TESTABILITY = YES;
				GCC_C_LANGUAGE_STANDARD = gnu99;
				GCC_DYNAMIC_NO_PIC = NO;
				GCC_NO_COMMON_BLOCKS = YES;
				GCC_OPTIMIZATION_LEVEL = 0;
				GCC_PREPROCESSOR_DEFINITIONS = (
					"DEBUG=1",
					"$(inherited)",
				);
				GCC_WARN_64_TO_32_BIT_CONVERSION = YES;
				GCC_WARN_ABOUT_RETURN_TYPE = YES_ERROR;
				GCC_WARN_UNDECLARED_SELECTOR = YES;
				GCC_WARN_UNINITIALIZED_AUTOS = YES_AGGRESSIVE;
				GCC_WARN_UNUSED_FUNCTION = YES;
				GCC_WARN_UNUSED_VARIABLE = YES;
				IPHONEOS_DEPLOYMENT_TARGET = 9.2;
				MTL_ENABLE_DEBUG_INFO = YES;
				ONLY_ACTIVE_ARCH = YES;
				SDKROOT = iphoneos;
				SWIFT_OPTIMIZATION_LEVEL = "-Onone";
				TARGETED_DEVICE_FAMILY = "1,2";
			};
			name = Debug;
		};
		128A16A81CE590B200C86BAE /* Release */ = {
			isa = XCBuildConfiguration;
			buildSettings = {
				ALWAYS_SEARCH_USER_PATHS = NO;
				CLANG_CXX_LANGUAGE_STANDARD = "gnu++0x";
				CLANG_CXX_LIBRARY = "libc++";
				CLANG_ENABLE_MODULES = YES;
				CLANG_ENABLE_OBJC_ARC = YES;
				CLANG_WARN_BOOL_CONVERSION = YES;
				CLANG_WARN_CONSTANT_CONVERSION = YES;
				CLANG_WARN_DIRECT_OBJC_ISA_USAGE = YES_ERROR;
				CLANG_WARN_EMPTY_BODY = YES;
				CLANG_WARN_ENUM_CONVERSION = YES;
				CLANG_WARN_INT_CONVERSION = YES;
				CLANG_WARN_OBJC_ROOT_CLASS = YES_ERROR;
				CLANG_WARN_UNREACHABLE_CODE = YES;
				CLANG_WARN__DUPLICATE_METHOD_MATCH = YES;
				"CODE_SIGN_IDENTITY[sdk=iphoneos*]" = "iPhone Developer";
				COPY_PHASE_STRIP = NO;
				DEBUG_INFORMATION_FORMAT = "dwarf-with-dsym";
				ENABLE_NS_ASSERTIONS = NO;
				ENABLE_STRICT_OBJC_MSGSEND = YES;
				GCC_C_LANGUAGE_STANDARD = gnu99;
				GCC_NO_COMMON_BLOCKS = YES;
				GCC_WARN_64_TO_32_BIT_CONVERSION = YES;
				GCC_WARN_ABOUT_RETURN_TYPE = YES_ERROR;
				GCC_WARN_UNDECLARED_SELECTOR = YES;
				GCC_WARN_UNINITIALIZED_AUTOS = YES_AGGRESSIVE;
				GCC_WARN_UNUSED_FUNCTION = YES;
				GCC_WARN_UNUSED_VARIABLE = YES;
				IPHONEOS_DEPLOYMENT_TARGET = 9.2;
				MTL_ENABLE_DEBUG_INFO = NO;
				SDKROOT = iphoneos;
				TARGETED_DEVICE_FAMILY = "1,2";
				VALIDATE_PRODUCT = YES;
			};
			name = Release;
		};
		128A16AA1CE590B200C86BAE /* Debug */ = {
			isa = XCBuildConfiguration;
			buildSettings = {
				ASSETCATALOG_COMPILER_APPICON_NAME = AppIcon;
				CLANG_ENABLE_MODULES = YES;
				INFOPLIST_FILE = winterfell/Info.plist;
				LD_RUNPATH_SEARCH_PATHS = "$(inherited) @executable_path/Frameworks";
				PRODUCT_BUNDLE_IDENTIFIER = com.soasme.game.winterfell;
				PRODUCT_NAME = "$(TARGET_NAME)";
				SWIFT_OBJC_BRIDGING_HEADER = "winterfell/winterfell-Bridging-Header.h";
				SWIFT_OPTIMIZATION_LEVEL = "-Onone";
			};
			name = Debug;
		};
		128A16AB1CE590B200C86BAE /* Release */ = {
			isa = XCBuildConfiguration;
			buildSettings = {
				ASSETCATALOG_COMPILER_APPICON_NAME = AppIcon;
				CLANG_ENABLE_MODULES = YES;
				INFOPLIST_FILE = winterfell/Info.plist;
				LD_RUNPATH_SEARCH_PATHS = "$(inherited) @executable_path/Frameworks";
				PRODUCT_BUNDLE_IDENTIFIER = com.soasme.game.winterfell;
				PRODUCT_NAME = "$(TARGET_NAME)";
				SWIFT_OBJC_BRIDGING_HEADER = "winterfell/winterfell-Bridging-Header.h";
			};
			name = Release;
		};
		128A16AD1CE590B200C86BAE /* Debug */ = {
			isa = XCBuildConfiguration;
			buildSettings = {
				BUNDLE_LOADER = "$(TEST_HOST)";
				DEBUG_INFORMATION_FORMAT = dwarf;
				INFOPLIST_FILE = winterfellTests/Info.plist;
				LD_RUNPATH_SEARCH_PATHS = "$(inherited) @executable_path/Frameworks @loader_path/Frameworks";
				PRODUCT_BUNDLE_IDENTIFIER = com.soasme.game.winterfellTests;
				PRODUCT_NAME = "$(TARGET_NAME)";
				TEST_HOST = "$(BUILT_PRODUCTS_DIR)/winterfell.app/winterfell";
			};
			name = Debug;
		};
		128A16AE1CE590B200C86BAE /* Release */ = {
			isa = XCBuildConfiguration;
			buildSettings = {
				BUNDLE_LOADER = "$(TEST_HOST)";
				INFOPLIST_FILE = winterfellTests/Info.plist;
				LD_RUNPATH_SEARCH_PATHS = "$(inherited) @executable_path/Frameworks @loader_path/Frameworks";
				PRODUCT_BUNDLE_IDENTIFIER = com.soasme.game.winterfellTests;
				PRODUCT_NAME = "$(TARGET_NAME)";
				TEST_HOST = "$(BUILT_PRODUCTS_DIR)/winterfell.app/winterfell";
			};
			name = Release;
		};
		128A16B01CE590B200C86BAE /* Debug */ = {
			isa = XCBuildConfiguration;
			buildSettings = {
				DEBUG_INFORMATION_FORMAT = dwarf;
				INFOPLIST_FILE = winterfellUITests/Info.plist;
				LD_RUNPATH_SEARCH_PATHS = "$(inherited) @executable_path/Frameworks @loader_path/Frameworks";
				PRODUCT_BUNDLE_IDENTIFIER = com.soasme.game.winterfellUITests;
				PRODUCT_NAME = "$(TARGET_NAME)";
				TEST_TARGET_NAME = winterfell;
				USES_XCTRUNNER = YES;
			};
			name = Debug;
		};
		128A16B11CE590B200C86BAE /* Release */ = {
			isa = XCBuildConfiguration;
			buildSettings = {
				INFOPLIST_FILE = winterfellUITests/Info.plist;
				LD_RUNPATH_SEARCH_PATHS = "$(inherited) @executable_path/Frameworks @loader_path/Frameworks";
				PRODUCT_BUNDLE_IDENTIFIER = com.soasme.game.winterfellUITests;
				PRODUCT_NAME = "$(TARGET_NAME)";
				TEST_TARGET_NAME = winterfell;
				USES_XCTRUNNER = YES;
			};
			name = Release;
		};
/* End XCBuildConfiguration section */

/* Begin XCConfigurationList section */
		128A16781CE590B200C86BAE /* Build configuration list for PBXProject "winterfell" */ = {
			isa = XCConfigurationList;
			buildConfigurations = (
				128A16A71CE590B200C86BAE /* Debug */,
				128A16A81CE590B200C86BAE /* Release */,
			);
			defaultConfigurationIsVisible = 0;
			defaultConfigurationName = Release;
		};
		128A16A91CE590B200C86BAE /* Build configuration list for PBXNativeTarget "winterfell" */ = {
			isa = XCConfigurationList;
			buildConfigurations = (
				128A16AA1CE590B200C86BAE /* Debug */,
				128A16AB1CE590B200C86BAE /* Release */,
			);
			defaultConfigurationIsVisible = 0;
		};
		128A16AC1CE590B200C86BAE /* Build configuration list for PBXNativeTarget "winterfellTests" */ = {
			isa = XCConfigurationList;
			buildConfigurations = (
				128A16AD1CE590B200C86BAE /* Debug */,
				128A16AE1CE590B200C86BAE /* Release */,
			);
			defaultConfigurationIsVisible = 0;
		};
		128A16AF1CE590B200C86BAE /* Build configuration list for PBXNativeTarget "winterfellUITests" */ = {
			isa = XCConfigurationList;
			buildConfigurations = (
				128A16B01CE590B200C86BAE /* Debug */,
				128A16B11CE590B200C86BAE /* Release */,
			);
			defaultConfigurationIsVisible = 0;
		};
/* End XCConfigurationList section */
	};
	rootObject = 128A16751CE590B200C86BAE /* Project object */;
}
